
Microsoft Visual Studio Solution File, Format Version 12.00
# Visual Studio Version 16
VisualStudioVersion = 16.0.30804.86
MinimumVisualStudioVersion = 10.0.40219.1
Project("{FAE04EC0-301F-11D3-BF4B-00C04F79EFBC}") = "eGonullu", "eGonullu\eGonullu.csproj", "{4CEFEBCE-3FCC-4DAB-8E66-2D9851D4228F}"
EndProject
Global
	GlobalSection(SolutionConfigurationPlatforms) = preSolution
		Debug|Any CPU = Debug|Any CPU
		Release|Any CPU = Release|Any CPU
	EndGlobalSection
	GlobalSection(ProjectConfigurationPlatforms) = postSolution
		{4CEFEBCE-3FCC-4DAB-8E66-2D9851D4228F}.Debug|Any CPU.ActiveCfg = Debug|Any CPU
		{4CEFEBCE-3FCC-4DAB-8E66-2D9851D4228F}.Debug|Any CPU.Build.0 = Debug|Any CPU
		{4CEFEBCE-3FCC-4DAB-8E66-2D9851D4228F}.Release|Any CPU.ActiveCfg = Release|Any CPU
		{4CEFEBCE-3FCC-4DAB-8E66-2D9851D4228F}.Release|Any CPU.Build.0 = Release|Any CPU
	EndGlobalSection
	GlobalSection(SolutionProperties) = preSolution
		HideSolutionNode = FALSE
	EndGlobalSection
	GlobalSection(ExtensibilityGlobals) = postSolution
		SolutionGuid = {8679B367-6CA8-46EE-ADAE-F912A564C92C}
	EndGlobalSection
EndGlobal
