
Microsoft Visual Studio Solution File, Format Version 12.00
# Visual Studio Version 16
VisualStudioVersion = 16.0.30523.141
MinimumVisualStudioVersion = 10.0.40219.1
Project("{FAE04EC0-301F-11D3-BF4B-00C04F79EFBC}") = "eGonullu", "eGonullu\eGonullu.csproj", "{26DD31D3-9D43-4888-AA4B-6565F79E1EBE}"
EndProject
Global
	GlobalSection(SolutionConfigurationPlatforms) = preSolution
		Debug|Any CPU = Debug|Any CPU
		Release|Any CPU = Release|Any CPU
	EndGlobalSection
	GlobalSection(ProjectConfigurationPlatforms) = postSolution
		{26DD31D3-9D43-4888-AA4B-6565F79E1EBE}.Debug|Any CPU.ActiveCfg = Debug|Any CPU
		{26DD31D3-9D43-4888-AA4B-6565F79E1EBE}.Debug|Any CPU.Build.0 = Debug|Any CPU
		{26DD31D3-9D43-4888-AA4B-6565F79E1EBE}.Release|Any CPU.ActiveCfg = Release|Any CPU
		{26DD31D3-9D43-4888-AA4B-6565F79E1EBE}.Release|Any CPU.Build.0 = Release|Any CPU
	EndGlobalSection
	GlobalSection(SolutionProperties) = preSolution
		HideSolutionNode = FALSE
	EndGlobalSection
	GlobalSection(ExtensibilityGlobals) = postSolution
		SolutionGuid = {79E11F6A-9B63-41BC-AB20-A3CCBA7EFF5E}
	EndGlobalSection
EndGlobal
